Microsoft Visual Studio Solution File, Format Version 12.00
# Visual Studio 2012
Project("{FAE04EC0-301F-11D3-BF4B-00C04F79EFBC}") = "ArenaSphereEditor", "ArenaSphereEditor.csproj", "{1FDF677C-65CB-4962-8A6C-EA1F8CD6ECE2}"
EndProject
Global
	GlobalSection(SolutionConfigurationPlatforms) = preSolution
	Debug|Any CPU = Debug|Any CPU
	ExportDebug|Any CPU = ExportDebug|Any CPU
	ExportRelease|Any CPU = ExportRelease|Any CPU
	EndGlobalSection
	GlobalSection(ProjectConfigurationPlatforms) = postSolution
		{1FDF677C-65CB-4962-8A6C-EA1F8CD6ECE2}.Debug|Any CPU.ActiveCfg = Debug|Any CPU
		{1FDF677C-65CB-4962-8A6C-EA1F8CD6ECE2}.Debug|Any CPU.Build.0 = Debug|Any CPU
		{1FDF677C-65CB-4962-8A6C-EA1F8CD6ECE2}.ExportDebug|Any CPU.ActiveCfg = ExportDebug|Any CPU
		{1FDF677C-65CB-4962-8A6C-EA1F8CD6ECE2}.ExportDebug|Any CPU.Build.0 = ExportDebug|Any CPU
		{1FDF677C-65CB-4962-8A6C-EA1F8CD6ECE2}.ExportRelease|Any CPU.ActiveCfg = ExportRelease|Any CPU
		{1FDF677C-65CB-4962-8A6C-EA1F8CD6ECE2}.ExportRelease|Any CPU.Build.0 = ExportRelease|Any CPU
	EndGlobalSection
EndGlobal
